// !$*UTF8*$!
{
	archiveVersion = 1;
	classes = {
	};
	objectVersion = 56;
	objects = {

/* Begin PBXBuildFile section */
		E5B098F02ABA4E51006CA3B7 /* AppDelegate.swift in Sources */ = {isa = PBXBuildFile; fileRef = E5B098EF2ABA4E51006CA3B7 /* AppDelegate.swift */; };
		E5B098F22ABA4E51006CA3B7 /* SceneDelegate.swift in Sources */ = {isa = PBXBuildFile; fileRef = E5B098F12ABA4E51006CA3B7 /* SceneDelegate.swift */; };
		E5B098F42ABA4E51006CA3B7 /* ViewController.swift in Sources */ = {isa = PBXBuildFile; fileRef = E5B098F32ABA4E51006CA3B7 /* ViewController.swift */; };
		E5B098F72ABA4E51006CA3B7 /* Main.storyboard in Resources */ = {isa = PBXBuildFile; fileRef = E5B098F52ABA4E51006CA3B7 /* Main.storyboard */; };
		E5B098F92ABA4E52006CA3B7 /* Assets.xcassets in Resources */ = {isa = PBXBuildFile; fileRef = E5B098F82ABA4E52006CA3B7 /* Assets.xcassets */; };
		E5B098FC2ABA4E52006CA3B7 /* LaunchScreen.storyboard in Resources */ = {isa = PBXBuildFile; fileRef = E5B098FA2ABA4E52006CA3B7 /* LaunchScreen.storyboard */; };
		E5B099072ABA4E53006CA3B7 /* myFirstAppTests.swift in Sources */ = {isa = PBXBuildFile; fileRef = E5B099062ABA4E53006CA3B7 /* myFirstAppTests.swift */; };
		E5B099112ABA4E53006CA3B7 /* myFirstAppUITests.swift in Sources */ = {isa = PBXBuildFile; fileRef = E5B099102ABA4E53006CA3B7 /* myFirstAppUITests.swift */; };
		E5B099132ABA4E53006CA3B7 /* myFirstAppUITestsLaunchTests.swift in Sources */ = {isa = PBXBuildFile; fileRef = E5B099122ABA4E53006CA3B7 /* myFirstAppUITestsLaunchTests.swift */; };
/* End PBXBuildFile section */

/* Begin PBXContainerItemProxy section */
		E5B099032ABA4E53006CA3B7 /* PBXContainerItemProxy */ = {
			isa = PBXContainerItemProxy;
			containerPortal = E5B098E42ABA4E51006CA3B7 /* Project object */;
			proxyType = 1;
			remoteGlobalIDString = E5B098EB2ABA4E51006CA3B7;
			remoteInfo = myFirstApp;
		};
		E5B0990D2ABA4E53006CA3B7 /* PBXContainerItemProxy */ = {
			isa = PBXContainerItemProxy;
			containerPortal = E5B098E42ABA4E51006CA3B7 /* Project object */;
			proxyType = 1;
			remoteGlobalIDString = E5B098EB2ABA4E51006CA3B7;
			remoteInfo = myFirstApp;
		};
/* End PBXContainerItemProxy section */

/* Begin PBXFileReference section */
		E5B098EC2ABA4E51006CA3B7 /* myFirstApp.app */ = {isa = PBXFileReference; explicitFileType = wrapper.application; includeInIndex = 0; path = myFirstApp.app; sourceTree = BUILT_PRODUCTS_DIR; };
		E5B098EF2ABA4E51006CA3B7 /* AppDelegate.swift */ = {isa = PBXFileReference; lastKnownFileType = sourcecode.swift; path = AppDelegate.swift; sourceTree = "<group>"; };
		E5B098F12ABA4E51006CA3B7 /* SceneDelegate.swift */ = {isa = PBXFileReference; lastKnownFileType = sourcecode.swift; path = SceneDelegate.swift; sourceTree = "<group>"; };
		E5B098F32ABA4E51006CA3B7 /* ViewController.swift */ = {isa = PBXFileReference; lastKnownFileType = sourcecode.swift; path = ViewController.swift; sourceTree = "<group>"; };
		E5B098F62ABA4E51006CA3B7 /* Base */ = {isa = PBXFileReference; lastKnownFileType = file.storyboard; name = Base; path = Base.lproj/Main.storyboard; sourceTree = "<group>"; };
		E5B098F82ABA4E52006CA3B7 /* Assets.xcassets */ = {isa = PBXFileReference; lastKnownFileType = folder.assetcatalog; path = Assets.xcassets; sourceTree = "<group>"; };
		E5B098FB2ABA4E52006CA3B7 /* Base */ = {isa = PBXFileReference; lastKnownFileType = file.storyboard; name = Base; path = Base.lproj/LaunchScreen.storyboard; sourceTree = "<group>"; };
		E5B098FD2ABA4E52006CA3B7 /* Info.plist */ = {isa = PBXFileReference; lastKnownFileType = text.plist.xml; path = Info.plist; sourceTree = "<group>"; };
		E5B099022ABA4E53006CA3B7 /* myFirstAppTests.xctest */ = {isa = PBXFileReference; explicitFileType = wrapper.cfbundle; includeInIndex = 0; path = myFirstAppTests.xctest; sourceTree = BUILT_PRODUCTS_DIR; };
		E5B099062ABA4E53006CA3B7 /* myFirstAppTests.swift */ = {isa = PBXFileReference; lastKnownFileType = sourcecode.swift; path = myFirstAppTests.swift; sourceTree = "<group>"; };
		E5B0990C2ABA4E53006CA3B7 /* myFirstAppUITests.xctest */ = {isa = PBXFileReference; explicitFileType = wrapper.cfbundle; includeInIndex = 0; path = myFirstAppUITests.xctest; sourceTree = BUILT_PRODUCTS_DIR; };
		E5B099102ABA4E53006CA3B7 /* myFirstAppUITests.swift */ = {isa = PBXFileReference; lastKnownFileType = sourcecode.swift; path = myFirstAppUITests.swift; sourceTree = "<group>"; };
		E5B099122ABA4E53006CA3B7 /* myFirstAppUITestsLaunchTests.swift */ = {isa = PBXFileReference; lastKnownFileType = sourcecode.swift; path = myFirstAppUITestsLaunchTests.swift; sourceTree = "<group>"; };
/* End PBXFileReference section */

/* Begin PBXFrameworksBuildPhase section */
		E5B098E92ABA4E51006CA3B7 /* Frameworks */ = {
			isa = PBXFrameworksBuildPhase;
			buildActionMask = 2147483647;
			files = (
			);
			runOnlyForDeploymentPostprocessing = 0;
		};
		E5B098FF2ABA4E53006CA3B7 /* Frameworks */ = {
			isa = PBXFrameworksBuildPhase;
			buildActionMask = 2147483647;
			files = (
			);
			runOnlyForDeploymentPostprocessing = 0;
		};
		E5B099092ABA4E53006CA3B7 /* Frameworks */ = {
			isa = PBXFrameworksBuildPhase;
			buildActionMask = 2147483647;
			files = (
			);
			runOnlyForDeploymentPostprocessing = 0;
		};
/* End PBXFrameworksBuildPhase section */

/* Begin PBXGroup section */
		E5B098E32ABA4E51006CA3B7 = {
			isa = PBXGroup;
			children = (
				E5B098EE2ABA4E51006CA3B7 /* myFirstApp */,
				E5B099052ABA4E53006CA3B7 /* myFirstAppTests */,
				E5B0990F2ABA4E53006CA3B7 /* myFirstAppUITests */,
				E5B098ED2ABA4E51006CA3B7 /* Products */,
			);
			sourceTree = "<group>";
		};
		E5B098ED2ABA4E51006CA3B7 /* Products */ = {
			isa = PBXGroup;
			children = (
				E5B098EC2ABA4E51006CA3B7 /* myFirstApp.app */,
				E5B099022ABA4E53006CA3B7 /* myFirstAppTests.xctest */,
				E5B0990C2ABA4E53006CA3B7 /* myFirstAppUITests.xctest */,
			);
			name = Products;
			sourceTree = "<group>";
		};
		E5B098EE2ABA4E51006CA3B7 /* myFirstApp */ = {
			isa = PBXGroup;
			children = (
				E5B098EF2ABA4E51006CA3B7 /* AppDelegate.swift */,
				E5B098F12ABA4E51006CA3B7 /* SceneDelegate.swift */,
				E5B098F32ABA4E51006CA3B7 /* ViewController.swift */,
				E5B098F52ABA4E51006CA3B7 /* Main.storyboard */,
				E5B098F82ABA4E52006CA3B7 /* Assets.xcassets */,
				E5B098FA2ABA4E52006CA3B7 /* LaunchScreen.storyboard */,
				E5B098FD2ABA4E52006CA3B7 /* Info.plist */,
			);
			path = myFirstApp;
			sourceTree = "<group>";
		};
		E5B099052ABA4E53006CA3B7 /* myFirstAppTests */ = {
			isa = PBXGroup;
			children = (
				E5B099062ABA4E53006CA3B7 /* myFirstAppTests.swift */,
			);
			path = myFirstAppTests;
			sourceTree = "<group>";
		};
		E5B0990F2ABA4E53006CA3B7 /* myFirstAppUITests */ = {
			isa = PBXGroup;
			children = (
				E5B099102ABA4E53006CA3B7 /* myFirstAppUITests.swift */,
				E5B099122ABA4E53006CA3B7 /* myFirstAppUITestsLaunchTests.swift */,
			);
			path = myFirstAppUITests;
			sourceTree = "<group>";
		};
/* End PBXGroup section */

/* Begin PBXNativeTarget section */
		E5B098EB2ABA4E51006CA3B7 /* myFirstApp */ = {
			isa = PBXNativeTarget;
			buildConfigurationList = E5B099162ABA4E53006CA3B7 /* Build configuration list for PBXNativeTarget "myFirstApp" */;
			buildPhases = (
				E5B098E82ABA4E51006CA3B7 /* Sources */,
				E5B098E92ABA4E51006CA3B7 /* Frameworks */,
				E5B098EA2ABA4E51006CA3B7 /* Resources */,
			);
			buildRules = (
			);
			dependencies = (
			);
			name = myFirstApp;
			productName = myFirstApp;
			productReference = E5B098EC2ABA4E51006CA3B7 /* myFirstApp.app */;
			productType = "com.apple.product-type.application";
		};
		E5B099012ABA4E53006CA3B7 /* myFirstAppTests */ = {
			isa = PBXNativeTarget;
			buildConfigurationList = E5B099192ABA4E53006CA3B7 /* Build configuration list for PBXNativeTarget "myFirstAppTests" */;
			buildPhases = (
				E5B098FE2ABA4E53006CA3B7 /* Sources */,
				E5B098FF2ABA4E53006CA3B7 /* Frameworks */,
				E5B099002ABA4E53006CA3B7 /* Resources */,
			);
			buildRules = (
			);
			dependencies = (
				E5B099042ABA4E53006CA3B7 /* PBXTargetDependency */,
			);
			name = myFirstAppTests;
			productName = myFirstAppTests;
			productReference = E5B099022ABA4E53006CA3B7 /* myFirstAppTests.xctest */;
			productType = "com.apple.product-type.bundle.unit-test";
		};
		E5B0990B2ABA4E53006CA3B7 /* myFirstAppUITests */ = {
			isa = PBXNativeTarget;
			buildConfigurationList = E5B0991C2ABA4E53006CA3B7 /* Build configuration list for PBXNativeTarget "myFirstAppUITests" */;
			buildPhases = (
				E5B099082ABA4E53006CA3B7 /* Sources */,
				E5B099092ABA4E53006CA3B7 /* Frameworks */,
				E5B0990A2ABA4E53006CA3B7 /* Resources */,
			);
			buildRules = (
			);
			dependencies = (
				E5B0990E2ABA4E53006CA3B7 /* PBXTargetDependency */,
			);
			name = myFirstAppUITests;
			productName = myFirstAppUITests;
			productReference = E5B0990C2ABA4E53006CA3B7 /* myFirstAppUITests.xctest */;
			productType = "com.apple.product-type.bundle.ui-testing";
		};
/* End PBXNativeTarget section */

/* Begin PBXProject section */
		E5B098E42ABA4E51006CA3B7 /* Project object */ = {
			isa = PBXProject;
			attributes = {
				BuildIndependentTargetsInParallel = 1;
				LastSwiftUpdateCheck = 1420;
				LastUpgradeCheck = 1420;
				TargetAttributes = {
					E5B098EB2ABA4E51006CA3B7 = {
						CreatedOnToolsVersion = 14.2;
					};
					E5B099012ABA4E53006CA3B7 = {
						CreatedOnToolsVersion = 14.2;
						TestTargetID = E5B098EB2ABA4E51006CA3B7;
					};
					E5B0990B2ABA4E53006CA3B7 = {
						CreatedOnToolsVersion = 14.2;
						TestTargetID = E5B098EB2ABA4E51006CA3B7;
					};
				};
			};
			buildConfigurationList = E5B098E72ABA4E51006CA3B7 /* Build configuration list for PBXProject "myFirstApp" */;
			compatibilityVersion = "Xcode 14.0";
			developmentRegion = en;
			hasScannedForEncodings = 0;
			knownRegions = (
				en,
				Base,
			);
			mainGroup = E5B098E32ABA4E51006CA3B7;
			productRefGroup = E5B098ED2ABA4E51006CA3B7 /* Products */;
			projectDirPath = "";
			projectRoot = "";
			targets = (
				E5B098EB2ABA4E51006CA3B7 /* myFirstApp */,
				E5B099012ABA4E53006CA3B7 /* myFirstAppTests */,
				E5B0990B2ABA4E53006CA3B7 /* myFirstAppUITests */,
			);
		};
/* End PBXProject section */

/* Begin PBXResourcesBuildPhase section */
		E5B098EA2ABA4E51006CA3B7 /* Resources */ = {
			isa = PBXResourcesBuildPhase;
			buildActionMask = 2147483647;
			files = (
				E5B098FC2ABA4E52006CA3B7 /* LaunchScreen.storyboard in Resources */,
				E5B098F92ABA4E52006CA3B7 /* Assets.xcassets in Resources */,
				E5B098F72ABA4E51006CA3B7 /* Main.storyboard in Resources */,
			);
			runOnlyForDeploymentPostprocessing = 0;
		};
		E5B099002ABA4E53006CA3B7 /* Resources */ = {
			isa = PBXResourcesBuildPhase;
			buildActionMask = 2147483647;
			files = (
			);
			runOnlyForDeploymentPostprocessing = 0;
		};
		E5B0990A2ABA4E53006CA3B7 /* Resources */ = {
			isa = PBXResourcesBuildPhase;
			buildActionMask = 2147483647;
			files = (
			);
			runOnlyForDeploymentPostprocessing = 0;
		};
/* End PBXResourcesBuildPhase section */

/* Begin PBXSourcesBuildPhase section */
		E5B098E82ABA4E51006CA3B7 /* Sources */ = {
			isa = PBXSourcesBuildPhase;
			buildActionMask = 2147483647;
			files = (
				E5B098F42ABA4E51006CA3B7 /* ViewController.swift in Sources */,
				E5B098F02ABA4E51006CA3B7 /* AppDelegate.swift in Sources */,
				E5B098F22ABA4E51006CA3B7 /* SceneDelegate.swift in Sources */,
			);
			runOnlyForDeploymentPostprocessing = 0;
		};
		E5B098FE2ABA4E53006CA3B7 /* Sources */ = {
			isa = PBXSourcesBuildPhase;
			buildActionMask = 2147483647;
			files = (
				E5B099072ABA4E53006CA3B7 /* myFirstAppTests.swift in Sources */,
			);
			runOnlyForDeploymentPostprocessing = 0;
		};
		E5B099082ABA4E53006CA3B7 /* Sources */ = {
			isa = PBXSourcesBuildPhase;
			buildActionMask = 2147483647;
			files = (
				E5B099112ABA4E53006CA3B7 /* myFirstAppUITests.swift in Sources */,
				E5B099132ABA4E53006CA3B7 /* myFirstAppUITestsLaunchTests.swift in Sources */,
			);
			runOnlyForDeploymentPostprocessing = 0;
		};
/* End PBXSourcesBuildPhase section */

/* Begin PBXTargetDependency section */
		E5B099042ABA4E53006CA3B7 /* PBXTargetDependency */ = {
			isa = PBXTargetDependency;
			target = E5B098EB2ABA4E51006CA3B7 /* myFirstApp */;
			targetProxy = E5B099032ABA4E53006CA3B7 /* PBXContainerItemProxy */;
		};
		E5B0990E2ABA4E53006CA3B7 /* PBXTargetDependency */ = {
			isa = PBXTargetDependency;
			target = E5B098EB2ABA4E51006CA3B7 /* myFirstApp */;
			targetProxy = E5B0990D2ABA4E53006CA3B7 /* PBXContainerItemProxy */;
		};
/* End PBXTargetDependency section */

/* Begin PBXVariantGroup section */
		E5B098F52ABA4E51006CA3B7 /* Main.storyboard */ = {
			isa = PBXVariantGroup;
			children = (
				E5B098F62ABA4E51006CA3B7 /* Base */,
			);
			name = Main.storyboard;
			sourceTree = "<group>";
		};
		E5B098FA2ABA4E52006CA3B7 /* LaunchScreen.storyboard */ = {
			isa = PBXVariantGroup;
			children = (
				E5B098FB2ABA4E52006CA3B7 /* Base */,
			);
			name = LaunchScreen.storyboard;
			sourceTree = "<group>";
		};
/* End PBXVariantGroup section */

/* Begin XCBuildConfiguration section */
		E5B099142ABA4E53006CA3B7 /* Debug */ = {
			isa = XCBuildConfiguration;
			buildSettings = {
				ALWAYS_SEARCH_USER_PATHS = NO;
				CLANG_ANALYZER_NONNULL = YES;
				CLANG_ANALYZER_NUMBER_OBJECT_CONVERSION = YES_AGGRESSIVE;
				CLANG_CXX_LANGUAGE_STANDARD = "gnu++20";
				CLANG_ENABLE_MODULES = YES;
				CLANG_ENABLE_OBJC_ARC = YES;
				CLANG_ENABLE_OBJC_WEAK = YES;
				CLANG_WARN_BLOCK_CAPTURE_AUTORELEASING = YES;
				CLANG_WARN_BOOL_CONVERSION = YES;
				CLANG_WARN_COMMA = YES;
				CLANG_WARN_CONSTANT_CONVERSION = YES;
				CLANG_WARN_DEPRECATED_OBJC_IMPLEMENTATIONS = YES;
				CLANG_WARN_DIRECT_OBJC_ISA_USAGE = YES_ERROR;
				CLANG_WARN_DOCUMENTATION_COMMENTS = YES;
				CLANG_WARN_EMPTY_BODY = YES;
				CLANG_WARN_ENUM_CONVERSION = YES;
				CLANG_WARN_INFINITE_RECURSION = YES;
				CLANG_WARN_INT_CONVERSION = YES;
				CLANG_WARN_NON_LITERAL_NULL_CONVERSION = YES;
				CLANG_WARN_OBJC_IMPLICIT_RETAIN_SELF = YES;
				CLANG_WARN_OBJC_LITERAL_CONVERSION = YES;
				CLANG_WARN_OBJC_ROOT_CLASS = YES_ERROR;
				CLANG_WARN_QUOTED_INCLUDE_IN_FRAMEWORK_HEADER = YES;
				CLANG_WARN_RANGE_LOOP_ANALYSIS = YES;
				CLANG_WARN_STRICT_PROTOTYPES = YES;
				CLANG_WARN_SUSPICIOUS_MOVE = YES;
				CLANG_WARN_UNGUARDED_AVAILABILITY = YES_AGGRESSIVE;
				CLANG_WARN_UNREACHABLE_CODE = YES;
				CLANG_WARN__DUPLICATE_METHOD_MATCH = YES;
				COPY_PHASE_STRIP = NO;
				DEBUG_INFORMATION_FORMAT = dwarf;
				ENABLE_STRICT_OBJC_MSGSEND = YES;
				ENABLE_TESTABILITY = YES;
				GCC_C_LANGUAGE_STANDARD = gnu11;
				GCC_DYNAMIC_NO_PIC = NO;
				GCC_NO_COMMON_BLOCKS = YES;
				GCC_OPTIMIZATION_LEVEL = 0;
				GCC_PREPROCESSOR_DEFINITIONS = (
					"DEBUG=1",
					"$(inherited)",
				);
				GCC_WARN_64_TO_32_BIT_CONVERSION = YES;
				GCC_WARN_ABOUT_RETURN_TYPE = YES_ERROR;
				GCC_WARN_UNDECLARED_SELECTOR = YES;
				GCC_WARN_UNINITIALIZED_AUTOS = YES_AGGRESSIVE;
				GCC_WARN_UNUSED_FUNCTION = YES;
				GCC_WARN_UNUSED_VARIABLE = YES;
				IPHONEOS_DEPLOYMENT_TARGET = 16.2;
				MTL_ENABLE_DEBUG_INFO = INCLUDE_SOURCE;
				MTL_FAST_MATH = YES;
				ONLY_ACTIVE_ARCH = YES;
				SDKROOT = iphoneos;
				SWIFT_ACTIVE_COMPILATION_CONDITIONS = DEBUG;
				SWIFT_OPTIMIZATION_LEVEL = "-Onone";
			};
			name = Debug;
		};
		E5B099152ABA4E53006CA3B7 /* Release */ = {
			isa = XCBuildConfiguration;
			buildSettings = {
				ALWAYS_SEARCH_USER_PATHS = NO;
				CLANG_ANALYZER_NONNULL = YES;
				CLANG_ANALYZER_NUMBER_OBJECT_CONVERSION = YES_AGGRESSIVE;
				CLANG_CXX_LANGUAGE_STANDARD = "gnu++20";
				CLANG_ENABLE_MODULES = YES;
				CLANG_ENABLE_OBJC_ARC = YES;
				CLANG_ENABLE_OBJC_WEAK = YES;
				CLANG_WARN_BLOCK_CAPTURE_AUTORELEASING = YES;
				CLANG_WARN_BOOL_CONVERSION = YES;
				CLANG_WARN_COMMA = YES;
				CLANG_WARN_CONSTANT_CONVERSION = YES;
				CLANG_WARN_DEPRECATED_OBJC_IMPLEMENTATIONS = YES;
				CLANG_WARN_DIRECT_OBJC_ISA_USAGE = YES_ERROR;
				CLANG_WARN_DOCUMENTATION_COMMENTS = YES;
				CLANG_WARN_EMPTY_BODY = YES;
				CLANG_WARN_ENUM_CONVERSION = YES;
				CLANG_WARN_INFINITE_RECURSION = YES;
				CLANG_WARN_INT_CONVERSION = YES;
				CLANG_WARN_NON_LITERAL_NULL_CONVERSION = YES;
				CLANG_WARN_OBJC_IMPLICIT_RETAIN_SELF = YES;
				CLANG_WARN_OBJC_LITERAL_CONVERSION = YES;
				CLANG_WARN_OBJC_ROOT_CLASS = YES_ERROR;
				CLANG_WARN_QUOTED_INCLUDE_IN_FRAMEWORK_HEADER = YES;
				CLANG_WARN_RANGE_LOOP_ANALYSIS = YES;
				CLANG_WARN_STRICT_PROTOTYPES = YES;
				CLANG_WARN_SUSPICIOUS_MOVE = YES;
				CLANG_WARN_UNGUARDED_AVAILABILITY = YES_AGGRESSIVE;
				CLANG_WARN_UNREACHABLE_CODE = YES;
				CLANG_WARN__DUPLICATE_METHOD_MATCH = YES;
				COPY_PHASE_STRIP = NO;
				DEBUG_INFORMATION_FORMAT = "dwarf-with-dsym";
				ENABLE_NS_ASSERTIONS = NO;
				ENABLE_STRICT_OBJC_MSGSEND = YES;
				GCC_C_LANGUAGE_STANDARD = gnu11;
				GCC_NO_COMMON_BLOCKS = YES;
				GCC_WARN_64_TO_32_BIT_CONVERSION = YES;
				GCC_WARN_ABOUT_RETURN_TYPE = YES_ERROR;
				GCC_WARN_UNDECLARED_SELECTOR = YES;
				GCC_WARN_UNINITIALIZED_AUTOS = YES_AGGRESSIVE;
				GCC_WARN_UNUSED_FUNCTION = YES;
				GCC_WARN_UNUSED_VARIABLE = YES;
				IPHONEOS_DEPLOYMENT_TARGET = 16.2;
				MTL_ENABLE_DEBUG_INFO = NO;
				MTL_FAST_MATH = YES;
				SDKROOT = iphoneos;
				SWIFT_COMPILATION_MODE = wholemodule;
				SWIFT_OPTIMIZATION_LEVEL = "-O";
				VALIDATE_PRODUCT = YES;
			};
			name = Release;
		};
		E5B099172ABA4E53006CA3B7 /* Debug */ = {
			isa = XCBuildConfiguration;
			buildSettings = {
				ASSETCATALOG_COMPILER_APPICON_NAME = AppIcon;
				ASSETCATALOG_COMPILER_GLOBAL_ACCENT_COLOR_NAME = AccentColor;
				CODE_SIGN_STYLE = Automatic;
				CURRENT_PROJECT_VERSION = 1;
				GENERATE_INFOPLIST_FILE = YES;
				INFOPLIST_FILE = myFirstApp/Info.plist;
				INFOPLIST_KEY_UIApplicationSupportsIndirectInputEvents = YES;
				INFOPLIST_KEY_UILaunchStoryboardName = LaunchScreen;
				INFOPLIST_KEY_UIMainStoryboardFile = Main;
				INFOPLIST_KEY_UISupportedInterfaceOrientations_iPad = "UIInterfaceOrientationPortrait UIInterfaceOrientationPortraitUpsideDown UIInterfaceOrientationLandscapeLeft UIInterfaceOrientationLandscapeRight";
				INFOPLIST_KEY_UISupportedInterfaceOrientations_iPhone = "UIInterfaceOrientationPortrait UIInterfaceOrientationLandscapeLeft UIInterfaceOrientationLandscapeRight";
				LD_RUNPATH_SEARCH_PATHS = (
					"$(inherited)",
					"@executable_path/Frameworks",
				);
				MARKETING_VERSION = 1.0;
				PRODUCT_BUNDLE_IDENTIFIER = com.conestoga.lab.myFirstApp;
				PRODUCT_NAME = "$(TARGET_NAME)";
				SWIFT_EMIT_LOC_STRINGS = YES;
				SWIFT_VERSION = 5.0;
				TARGETED_DEVICE_FAMILY = "1,2";
			};
			name = Debug;
		};
		E5B099182ABA4E53006CA3B7 /* Release */ = {
			isa = XCBuildConfiguration;
			buildSettings = {
				ASSETCATALOG_COMPILER_APPICON_NAME = AppIcon;
				ASSETCATALOG_COMPILER_GLOBAL_ACCENT_COLOR_NAME = AccentColor;
				CODE_SIGN_STYLE = Automatic;
				CURRENT_PROJECT_VERSION = 1;
				GENERATE_INFOPLIST_FILE = YES;
				INFOPLIST_FILE = myFirstApp/Info.plist;
				INFOPLIST_KEY_UIApplicationSupportsIndirectInputEvents = YES;
				INFOPLIST_KEY_UILaunchStoryboardName = LaunchScreen;
				INFOPLIST_KEY_UIMainStoryboardFile = Main;
				INFOPLIST_KEY_UISupportedInterfaceOrientations_iPad = "UIInterfaceOrientationPortrait UIInterfaceOrientationPortraitUpsideDown UIInterfaceOrientationLandscapeLeft UIInterfaceOrientationLandscapeRight";
				INFOPLIST_KEY_UISupportedInterfaceOrientations_iPhone = "UIInterfaceOrientationPortrait UIInterfaceOrientationLandscapeLeft UIInterfaceOrientationLandscapeRight";
				LD_RUNPATH_SEARCH_PATHS = (
					"$(inherited)",
					"@executable_path/Frameworks",
				);
				MARKETING_VERSION = 1.0;
				PRODUCT_BUNDLE_IDENTIFIER = com.conestoga.lab.myFirstApp;
				PRODUCT_NAME = "$(TARGET_NAME)";
				SWIFT_EMIT_LOC_STRINGS = YES;
				SWIFT_VERSION = 5.0;
				TARGETED_DEVICE_FAMILY = "1,2";
			};
			name = Release;
		};
		E5B0991A2ABA4E53006CA3B7 /* Debug */ = {
			isa = XCBuildConfiguration;
			buildSettings = {
				ALWAYS_EMBED_SWIFT_STANDARD_LIBRARIES = YES;
				BUNDLE_LOADER = "$(TEST_HOST)";
				CODE_SIGN_STYLE = Automatic;
				CURRENT_PROJECT_VERSION = 1;
				GENERATE_INFOPLIST_FILE = YES;
				IPHONEOS_DEPLOYMENT_TARGET = 16.2;
				MARKETING_VERSION = 1.0;
				PRODUCT_BUNDLE_IDENTIFIER = com.conestoga.lab.myFirstAppTests;
				PRODUCT_NAME = "$(TARGET_NAME)";
				SWIFT_EMIT_LOC_STRINGS = NO;
				SWIFT_VERSION = 5.0;
				TARGETED_DEVICE_FAMILY = "1,2";
				TEST_HOST = "$(BUILT_PRODUCTS_DIR)/myFirstApp.app/$(BUNDLE_EXECUTABLE_FOLDER_PATH)/myFirstApp";
			};
			name = Debug;
		};
		E5B0991B2ABA4E53006CA3B7 /* Release */ = {
			isa = XCBuildConfiguration;
			buildSettings = {
				ALWAYS_EMBED_SWIFT_STANDARD_LIBRARIES = YES;
				BUNDLE_LOADER = "$(TEST_HOST)";
				CODE_SIGN_STYLE = Automatic;
				CURRENT_PROJECT_VERSION = 1;
				GENERATE_INFOPLIST_FILE = YES;
				IPHONEOS_DEPLOYMENT_TARGET = 16.2;
				MARKETING_VERSION = 1.0;
				PRODUCT_BUNDLE_IDENTIFIER = com.conestoga.lab.myFirstAppTests;
				PRODUCT_NAME = "$(TARGET_NAME)";
				SWIFT_EMIT_LOC_STRINGS = NO;
				SWIFT_VERSION = 5.0;
				TARGETED_DEVICE_FAMILY = "1,2";
				TEST_HOST = "$(BUILT_PRODUCTS_DIR)/myFirstApp.app/$(BUNDLE_EXECUTABLE_FOLDER_PATH)/myFirstApp";
			};
			name = Release;
		};
		E5B0991D2ABA4E53006CA3B7 /* Debug */ = {
			isa = XCBuildConfiguration;
			buildSettings = {
				ALWAYS_EMBED_SWIFT_STANDARD_LIBRARIES = YES;
				CODE_SIGN_STYLE = Automatic;
				CURRENT_PROJECT_VERSION = 1;
				GENERATE_INFOPLIST_FILE = YES;
				MARKETING_VERSION = 1.0;
				PRODUCT_BUNDLE_IDENTIFIER = com.conestoga.lab.myFirstAppUITests;
				PRODUCT_NAME = "$(TARGET_NAME)";
				SWIFT_EMIT_LOC_STRINGS = NO;
				SWIFT_VERSION = 5.0;
				TARGETED_DEVICE_FAMILY = "1,2";
				TEST_TARGET_NAME = myFirstApp;
			};
			name = Debug;
		};
		E5B0991E2ABA4E53006CA3B7 /* Release */ = {
			isa = XCBuildConfiguration;
			buildSettings = {
				ALWAYS_EMBED_SWIFT_STANDARD_LIBRARIES = YES;
				CODE_SIGN_STYLE = Automatic;
				CURRENT_PROJECT_VERSION = 1;
				GENERATE_INFOPLIST_FILE = YES;
				MARKETING_VERSION = 1.0;
				PRODUCT_BUNDLE_IDENTIFIER = com.conestoga.lab.myFirstAppUITests;
				PRODUCT_NAME = "$(TARGET_NAME)";
				SWIFT_EMIT_LOC_STRINGS = NO;
				SWIFT_VERSION = 5.0;
				TARGETED_DEVICE_FAMILY = "1,2";
				TEST_TARGET_NAME = myFirstApp;
			};
			name = Release;
		};
/* End XCBuildConfiguration section */

/* Begin XCConfigurationList section */
		E5B098E72ABA4E51006CA3B7 /* Build configuration list for PBXProject "myFirstApp" */ = {
			isa = XCConfigurationList;
			buildConfigurations = (
				E5B099142ABA4E53006CA3B7 /* Debug */,
				E5B099152ABA4E53006CA3B7 /* Release */,
			);
			defaultConfigurationIsVisible = 0;
			defaultConfigurationName = Release;
		};
		E5B099162ABA4E53006CA3B7 /* Build configuration list for PBXNativeTarget "myFirstApp" */ = {
			isa = XCConfigurationList;
			buildConfigurations = (
				E5B099172ABA4E53006CA3B7 /* Debug */,
				E5B099182ABA4E53006CA3B7 /* Release */,
			);
			defaultConfigurationIsVisible = 0;
			defaultConfigurationName = Release;
		};
		E5B099192ABA4E53006CA3B7 /* Build configuration list for PBXNativeTarget "myFirstAppTests" */ = {
			isa = XCConfigurationList;
			buildConfigurations = (
				E5B0991A2ABA4E53006CA3B7 /* Debug */,
				E5B0991B2ABA4E53006CA3B7 /* Release */,
			);
			defaultConfigurationIsVisible = 0;
			defaultConfigurationName = Release;
		};
		E5B0991C2ABA4E53006CA3B7 /* Build configuration list for PBXNativeTarget "myFirstAppUITests" */ = {
			isa = XCConfigurationList;
			buildConfigurations = (
				E5B0991D2ABA4E53006CA3B7 /* Debug */,
				E5B0991E2ABA4E53006CA3B7 /* Release */,
			);
			defaultConfigurationIsVisible = 0;
			defaultConfigurationName = Release;
		};
/* End XCConfigurationList section */
	};
	rootObject = E5B098E42ABA4E51006CA3B7 /* Project object */;
}
